
Microsoft Visual Studio Solution File, Format Version 12.00
# Visual Studio Version 17
VisualStudioVersion = 17.1.32407.343
MinimumVisualStudioVersion = 10.0.40219.1
Project("{FAE04EC0-301F-11D3-BF4B-00C04F79EFBC}") = "Messenger", "Messenger\Messenger.csproj", "{C5CA4C3D-BE5A-411F-A959-17633BBEAF8C}"
EndProject
Project("{FAE04EC0-301F-11D3-BF4B-00C04F79EFBC}") = "WcfService", "WcfService\WcfService.csproj", "{C76949FE-D892-489A-8936-564DC2656031}"
EndProject
Project("{FAE04EC0-301F-11D3-BF4B-00C04F79EFBC}") = "ChatHost", "ChatHost\ChatHost.csproj", "{1E65E3D0-F3FC-4404-AC50-45D1333D14C2}"
EndProject
Global
	GlobalSection(SolutionConfigurationPlatforms) = preSolution
		Debug|Any CPU = Debug|Any CPU
		Release|Any CPU = Release|Any CPU
	EndGlobalSection
	GlobalSection(ProjectConfigurationPlatforms) = postSolution
		{C5CA4C3D-BE5A-411F-A959-17633BBEAF8C}.Debug|Any CPU.ActiveCfg = Debug|Any CPU
		{C5CA4C3D-BE5A-411F-A959-17633BBEAF8C}.Debug|Any CPU.Build.0 = Debug|Any CPU
		{C5CA4C3D-BE5A-411F-A959-17633BBEAF8C}.Release|Any CPU.ActiveCfg = Release|Any CPU
		{C5CA4C3D-BE5A-411F-A959-17633BBEAF8C}.Release|Any CPU.Build.0 = Release|Any CPU
		{C76949FE-D892-489A-8936-564DC2656031}.Debug|Any CPU.ActiveCfg = Debug|Any CPU
		{C76949FE-D892-489A-8936-564DC2656031}.Debug|Any CPU.Build.0 = Debug|Any CPU
		{C76949FE-D892-489A-8936-564DC2656031}.Release|Any CPU.ActiveCfg = Release|Any CPU
		{C76949FE-D892-489A-8936-564DC2656031}.Release|Any CPU.Build.0 = Release|Any CPU
		{1E65E3D0-F3FC-4404-AC50-45D1333D14C2}.Debug|Any CPU.ActiveCfg = Debug|Any CPU
		{1E65E3D0-F3FC-4404-AC50-45D1333D14C2}.Debug|Any CPU.Build.0 = Debug|Any CPU
		{1E65E3D0-F3FC-4404-AC50-45D1333D14C2}.Release|Any CPU.ActiveCfg = Release|Any CPU
		{1E65E3D0-F3FC-4404-AC50-45D1333D14C2}.Release|Any CPU.Build.0 = Release|Any CPU
	EndGlobalSection
	GlobalSection(SolutionProperties) = preSolution
		HideSolutionNode = FALSE
	EndGlobalSection
	GlobalSection(ExtensibilityGlobals) = postSolution
		SolutionGuid = {8B79982B-B6FB-4C40-8DD8-A0C958E8A9D1}
	EndGlobalSection
EndGlobal
